
Microsoft Visual Studio Solution File, Format Version 12.00
# Visual Studio Version 17
VisualStudioVersion = 17.13.35931.197 d17.13
MinimumVisualStudioVersion = 10.0.40219.1
Project("{FAE04EC0-301F-11D3-BF4B-00C04F79EFBC}") = "LibraryInventoryAPI", "LibraryInventoryAPI\LibraryInventoryAPI.csproj", "{A5501AF2-4AE4-405F-9901-F7DF739F86BE}"
EndProject
Global
	GlobalSection(SolutionConfigurationPlatforms) = preSolution
		Debug|Any CPU = Debug|Any CPU
		Release|Any CPU = Release|Any CPU
	EndGlobalSection
	GlobalSection(ProjectConfigurationPlatforms) = postSolution
		{A5501AF2-4AE4-405F-9901-F7DF739F86BE}.Debug|Any CPU.ActiveCfg = Debug|Any CPU
		{A5501AF2-4AE4-405F-9901-F7DF739F86BE}.Debug|Any CPU.Build.0 = Debug|Any CPU
		{A5501AF2-4AE4-405F-9901-F7DF739F86BE}.Release|Any CPU.ActiveCfg = Release|Any CPU
		{A5501AF2-4AE4-405F-9901-F7DF739F86BE}.Release|Any CPU.Build.0 = Release|Any CPU
	EndGlobalSection
	GlobalSection(SolutionProperties) = preSolution
		HideSolutionNode = FALSE
	EndGlobalSection
	GlobalSection(ExtensibilityGlobals) = postSolution
		SolutionGuid = {239D8EA3-A82E-4272-89F9-9AA9026589D6}
	EndGlobalSection
EndGlobal
